
Microsoft Visual Studio Solution File, Format Version 12.00
# Visual Studio Version 16
VisualStudioVersion = 16.0.30907.101
MinimumVisualStudioVersion = 10.0.40219.1
Project("{9A19103F-16F7-4668-BE54-9A1E7A4F7556}") = "simple cellular automata", "simple cellular automata\simple cellular automata.csproj", "{C69ADE41-80A2-4B58-A0C7-19B399205199}"
EndProject
Project("{9A19103F-16F7-4668-BE54-9A1E7A4F7556}") = "GOLBlinker", "game of life\GOLBlinker.csproj", "{CEBBA79D-1538-43A4-93EF-DB5501EEA72C}"
EndProject
Project("{FAE04EC0-301F-11D3-BF4B-00C04F79EFBC}") = "GOLGlider", "GOIGlider\GOLGlider.csproj", "{AF15D8CA-4DD0-4015-8C0C-5927B64C822D}"
EndProject
Project("{FAE04EC0-301F-11D3-BF4B-00C04F79EFBC}") = "GOLGosperGliderGun", "GOLGosperGliderGun\GOLGosperGliderGun.csproj", "{3080FCDC-FE29-49A9-9313-A06E09FB036F}"
EndProject
Global
	GlobalSection(SolutionConfigurationPlatforms) = preSolution
		Debug|Any CPU = Debug|Any CPU
		Release|Any CPU = Release|Any CPU
	EndGlobalSection
	GlobalSection(ProjectConfigurationPlatforms) = postSolution
		{C69ADE41-80A2-4B58-A0C7-19B399205199}.Debug|Any CPU.ActiveCfg = Debug|Any CPU
		{C69ADE41-80A2-4B58-A0C7-19B399205199}.Debug|Any CPU.Build.0 = Debug|Any CPU
		{C69ADE41-80A2-4B58-A0C7-19B399205199}.Release|Any CPU.ActiveCfg = Release|Any CPU
		{C69ADE41-80A2-4B58-A0C7-19B399205199}.Release|Any CPU.Build.0 = Release|Any CPU
		{CEBBA79D-1538-43A4-93EF-DB5501EEA72C}.Debug|Any CPU.ActiveCfg = Debug|Any CPU
		{CEBBA79D-1538-43A4-93EF-DB5501EEA72C}.Debug|Any CPU.Build.0 = Debug|Any CPU
		{CEBBA79D-1538-43A4-93EF-DB5501EEA72C}.Release|Any CPU.ActiveCfg = Release|Any CPU
		{CEBBA79D-1538-43A4-93EF-DB5501EEA72C}.Release|Any CPU.Build.0 = Release|Any CPU
		{AF15D8CA-4DD0-4015-8C0C-5927B64C822D}.Debug|Any CPU.ActiveCfg = Debug|Any CPU
		{AF15D8CA-4DD0-4015-8C0C-5927B64C822D}.Debug|Any CPU.Build.0 = Debug|Any CPU
		{AF15D8CA-4DD0-4015-8C0C-5927B64C822D}.Release|Any CPU.ActiveCfg = Release|Any CPU
		{AF15D8CA-4DD0-4015-8C0C-5927B64C822D}.Release|Any CPU.Build.0 = Release|Any CPU
		{3080FCDC-FE29-49A9-9313-A06E09FB036F}.Debug|Any CPU.ActiveCfg = Debug|Any CPU
		{3080FCDC-FE29-49A9-9313-A06E09FB036F}.Debug|Any CPU.Build.0 = Debug|Any CPU
		{3080FCDC-FE29-49A9-9313-A06E09FB036F}.Release|Any CPU.ActiveCfg = Release|Any CPU
		{3080FCDC-FE29-49A9-9313-A06E09FB036F}.Release|Any CPU.Build.0 = Release|Any CPU
	EndGlobalSection
	GlobalSection(SolutionProperties) = preSolution
		HideSolutionNode = FALSE
	EndGlobalSection
	GlobalSection(ExtensibilityGlobals) = postSolution
		SolutionGuid = {E0E8CF1A-54A8-41EE-8F0F-A51506D146A0}
	EndGlobalSection
EndGlobal
